# This file is automatically @generated by Cargo.
# It is not intended for manual editing.
[[package]]
name = "protobuf"
version = "2.5.0"
source = "registry+https://github.com/rust-lang/crates.io-index"

[[package]]
name = "protobuf-exploration"
version = "0.1.0"
dependencies = [
 "protobuf 2.5.0 (registry+https://github.com/rust-lang/crates.io-index)",
]

[metadata]
"checksum protobuf 2.5.0 (registry+https://github.com/rust-lang/crates.io-index)" = "bc7badf647ae2fa27ba51c218e347386c88cc604fcfe71f2aba0ad017f3f2b75"
